
Microsoft Visual Studio Solution File, Format Version 12.00
# Visual Studio Version 17
VisualStudioVersion = 17.3.32929.385
MinimumVisualStudioVersion = 10.0.40219.1
Project("{FAE04EC0-301F-11D3-BF4B-00C04F79EFBC}") = "MVC_2022", "MVC_2022\MVC_2022.csproj", "{73995EDB-6B54-4152-B3E2-547321511992}"
EndProject
Global
	GlobalSection(SolutionConfigurationPlatforms) = preSolution
		Debug|Any CPU = Debug|Any CPU
		Release|Any CPU = Release|Any CPU
	EndGlobalSection
	GlobalSection(ProjectConfigurationPlatforms) = postSolution
		{73995EDB-6B54-4152-B3E2-547321511992}.Debug|Any CPU.ActiveCfg = Debug|Any CPU
		{73995EDB-6B54-4152-B3E2-547321511992}.Debug|Any CPU.Build.0 = Debug|Any CPU
		{73995EDB-6B54-4152-B3E2-547321511992}.Release|Any CPU.ActiveCfg = Release|Any CPU
		{73995EDB-6B54-4152-B3E2-547321511992}.Release|Any CPU.Build.0 = Release|Any CPU
	EndGlobalSection
	GlobalSection(SolutionProperties) = preSolution
		HideSolutionNode = FALSE
	EndGlobalSection
	GlobalSection(ExtensibilityGlobals) = postSolution
		SolutionGuid = {3F5E4439-42EA-4B75-9627-EA0E6BAF876D}
	EndGlobalSection
EndGlobal
